{
  "name": "@chehsunliu/demo",
  "version": "1.0.0",
  "lockfileVersion": 3,
  "requires": true,
  "packages": {
    "": {
      "name": "@chehsunliu/demo",
      "version": "1.0.0",
      "license": "MIT",
      "workspaces": [
        "pkgs/demo-app",
        "pkgs/demo-lib1",
        "pkgs/demo-lib2"
      ]
    },
    "node_modules/@chehsunliu/demo-app": {
      "resolved": "pkgs/demo-app",
      "link": true
    },
    "node_modules/@chehsunliu/demo-lib1": {
      "resolved": "pkgs/demo-lib1",
      "link": true
    },
    "node_modules/@chehsunliu/demo-lib2": {
      "resolved": "pkgs/demo-lib2",
      "link": true
    },
    "pkgs/demo-app": {
      "name": "@chehsunliu/demo-app"
    },
    "pkgs/demo-lib1": {
      "name": "@chehsunliu/demo-lib1"
    },
    "pkgs/demo-lib2": {
      "name": "@chehsunliu/demo-lib2"
    }
  }
}
